// !$*UTF8*$!
{
	archiveVersion = 1;
	classes = {
	};
	objectVersion = 55;
	objects = {

/* Begin PBXBuildFile section */
		D3F0869829AD2FDB00B473D9 /* AppDelegate.swift in Sources */ = {isa = PBXBuildFile; fileRef = D3F0869729AD2FDB00B473D9 /* AppDelegate.swift */; };
		D3F0869A29AD2FDB00B473D9 /* SceneDelegate.swift in Sources */ = {isa = PBXBuildFile; fileRef = D3F0869929AD2FDB00B473D9 /* SceneDelegate.swift */; };
		D3F0869C29AD2FDB00B473D9 /* ViewController.swift in Sources */ = {isa = PBXBuildFile; fileRef = D3F0869B29AD2FDB00B473D9 /* ViewController.swift */; };
		D3F0869F29AD2FDB00B473D9 /* Main.storyboard in Resources */ = {isa = PBXBuildFile; fileRef = D3F0869D29AD2FDB00B473D9 /* Main.storyboard */; };
		D3F086A229AD2FDB00B473D9 /* colorgame.xcdatamodeld in Sources */ = {isa = PBXBuildFile; fileRef = D3F086A029AD2FDB00B473D9 /* colorgame.xcdatamodeld */; };
		D3F086A429AD2FDC00B473D9 /* Assets.xcassets in Resources */ = {isa = PBXBuildFile; fileRef = D3F086A329AD2FDC00B473D9 /* Assets.xcassets */; };
		D3F086A729AD2FDC00B473D9 /* LaunchScreen.storyboard in Resources */ = {isa = PBXBuildFile; fileRef = D3F086A529AD2FDC00B473D9 /* LaunchScreen.storyboard */; };
		D3F086B229AD2FDD00B473D9 /* colorgameTests.swift in Sources */ = {isa = PBXBuildFile; fileRef = D3F086B129AD2FDD00B473D9 /* colorgameTests.swift */; };
		D3F086BC29AD2FDD00B473D9 /* colorgameUITests.swift in Sources */ = {isa = PBXBuildFile; fileRef = D3F086BB29AD2FDD00B473D9 /* colorgameUITests.swift */; };
		D3F086BE29AD2FDD00B473D9 /* colorgameUITestsLaunchTests.swift in Sources */ = {isa = PBXBuildFile; fileRef = D3F086BD29AD2FDD00B473D9 /* colorgameUITestsLaunchTests.swift */; };
		D3F086CB29AD32E100B473D9 /* gamelevel.swift in Sources */ = {isa = PBXBuildFile; fileRef = D3F086CA29AD32E100B473D9 /* gamelevel.swift */; };
		D3F086CD29AD364900B473D9 /* playGame.swift in Sources */ = {isa = PBXBuildFile; fileRef = D3F086CC29AD364900B473D9 /* playGame.swift */; };
		D3F086CF29AD382700B473D9 /* MyCollectionViewCell.swift in Sources */ = {isa = PBXBuildFile; fileRef = D3F086CE29AD382700B473D9 /* MyCollectionViewCell.swift */; };
/* End PBXBuildFile section */

/* Begin PBXContainerItemProxy section */
		D3F086AE29AD2FDD00B473D9 /* PBXContainerItemProxy */ = {
			isa = PBXContainerItemProxy;
			containerPortal = D3F0868C29AD2FDB00B473D9 /* Project object */;
			proxyType = 1;
			remoteGlobalIDString = D3F0869329AD2FDB00B473D9;
			remoteInfo = colorgame;
		};
		D3F086B829AD2FDD00B473D9 /* PBXContainerItemProxy */ = {
			isa = PBXContainerItemProxy;
			containerPortal = D3F0868C29AD2FDB00B473D9 /* Project object */;
			proxyType = 1;
			remoteGlobalIDString = D3F0869329AD2FDB00B473D9;
			remoteInfo = colorgame;
		};
/* End PBXContainerItemProxy section */

/* Begin PBXFileReference section */
		D3F0869429AD2FDB00B473D9 /* colorgame.app */ = {isa = PBXFileReference; explicitFileType = wrapper.application; includeInIndex = 0; path = colorgame.app; sourceTree = BUILT_PRODUCTS_DIR; };
		D3F0869729AD2FDB00B473D9 /* AppDelegate.swift */ = {isa = PBXFileReference; lastKnownFileType = sourcecode.swift; path = AppDelegate.swift; sourceTree = "<group>"; };
		D3F0869929AD2FDB00B473D9 /* SceneDelegate.swift */ = {isa = PBXFileReference; lastKnownFileType = sourcecode.swift; path = SceneDelegate.swift; sourceTree = "<group>"; };
		D3F0869B29AD2FDB00B473D9 /* ViewController.swift */ = {isa = PBXFileReference; lastKnownFileType = sourcecode.swift; path = ViewController.swift; sourceTree = "<group>"; };
		D3F0869E29AD2FDB00B473D9 /* Base */ = {isa = PBXFileReference; lastKnownFileType = file.storyboard; name = Base; path = Base.lproj/Main.storyboard; sourceTree = "<group>"; };
		D3F086A129AD2FDB00B473D9 /* colorgame.xcdatamodel */ = {isa = PBXFileReference; lastKnownFileType = wrapper.xcdatamodel; path = colorgame.xcdatamodel; sourceTree = "<group>"; };
		D3F086A329AD2FDC00B473D9 /* Assets.xcassets */ = {isa = PBXFileReference; lastKnownFileType = folder.assetcatalog; path = Assets.xcassets; sourceTree = "<group>"; };
		D3F086A629AD2FDC00B473D9 /* Base */ = {isa = PBXFileReference; lastKnownFileType = file.storyboard; name = Base; path = Base.lproj/LaunchScreen.storyboard; sourceTree = "<group>"; };
		D3F086A829AD2FDC00B473D9 /* Info.plist */ = {isa = PBXFileReference; lastKnownFileType = text.plist.xml; path = Info.plist; sourceTree = "<group>"; };
		D3F086AD29AD2FDD00B473D9 /* colorgameTests.xctest */ = {isa = PBXFileReference; explicitFileType = wrapper.cfbundle; includeInIndex = 0; path = colorgameTests.xctest; sourceTree = BUILT_PRODUCTS_DIR; };
		D3F086B129AD2FDD00B473D9 /* colorgameTests.swift */ = {isa = PBXFileReference; lastKnownFileType = sourcecode.swift; path = colorgameTests.swift; sourceTree = "<group>"; };
		D3F086B729AD2FDD00B473D9 /* colorgameUITests.xctest */ = {isa = PBXFileReference; explicitFileType = wrapper.cfbundle; includeInIndex = 0; path = colorgameUITests.xctest; sourceTree = BUILT_PRODUCTS_DIR; };
		D3F086BB29AD2FDD00B473D9 /* colorgameUITests.swift */ = {isa = PBXFileReference; lastKnownFileType = sourcecode.swift; path = colorgameUITests.swift; sourceTree = "<group>"; };
		D3F086BD29AD2FDD00B473D9 /* colorgameUITestsLaunchTests.swift */ = {isa = PBXFileReference; lastKnownFileType = sourcecode.swift; path = colorgameUITestsLaunchTests.swift; sourceTree = "<group>"; };
		D3F086CA29AD32E100B473D9 /* gamelevel.swift */ = {isa = PBXFileReference; lastKnownFileType = sourcecode.swift; path = gamelevel.swift; sourceTree = "<group>"; };
		D3F086CC29AD364900B473D9 /* playGame.swift */ = {isa = PBXFileReference; lastKnownFileType = sourcecode.swift; path = playGame.swift; sourceTree = "<group>"; };
		D3F086CE29AD382700B473D9 /* MyCollectionViewCell.swift */ = {isa = PBXFileReference; lastKnownFileType = sourcecode.swift; path = MyCollectionViewCell.swift; sourceTree = "<group>"; };
/* End PBXFileReference section */

/* Begin PBXFrameworksBuildPhase section */
		D3F0869129AD2FDB00B473D9 /* Frameworks */ = {
			isa = PBXFrameworksBuildPhase;
			buildActionMask = 2147483647;
			files = (
			);
			runOnlyForDeploymentPostprocessing = 0;
		};
		D3F086AA29AD2FDD00B473D9 /* Frameworks */ = {
			isa = PBXFrameworksBuildPhase;
			buildActionMask = 2147483647;
			files = (
			);
			runOnlyForDeploymentPostprocessing = 0;
		};
		D3F086B429AD2FDD00B473D9 /* Frameworks */ = {
			isa = PBXFrameworksBuildPhase;
			buildActionMask = 2147483647;
			files = (
			);
			runOnlyForDeploymentPostprocessing = 0;
		};
/* End PBXFrameworksBuildPhase section */

/* Begin PBXGroup section */
		D3F0868B29AD2FDB00B473D9 = {
			isa = PBXGroup;
			children = (
				D3F0869629AD2FDB00B473D9 /* colorgame */,
				D3F086B029AD2FDD00B473D9 /* colorgameTests */,
				D3F086BA29AD2FDD00B473D9 /* colorgameUITests */,
				D3F0869529AD2FDB00B473D9 /* Products */,
			);
			sourceTree = "<group>";
		};
		D3F0869529AD2FDB00B473D9 /* Products */ = {
			isa = PBXGroup;
			children = (
				D3F0869429AD2FDB00B473D9 /* colorgame.app */,
				D3F086AD29AD2FDD00B473D9 /* colorgameTests.xctest */,
				D3F086B729AD2FDD00B473D9 /* colorgameUITests.xctest */,
			);
			name = Products;
			sourceTree = "<group>";
		};
		D3F0869629AD2FDB00B473D9 /* colorgame */ = {
			isa = PBXGroup;
			children = (
				D3F0869729AD2FDB00B473D9 /* AppDelegate.swift */,
				D3F0869929AD2FDB00B473D9 /* SceneDelegate.swift */,
				D3F0869B29AD2FDB00B473D9 /* ViewController.swift */,
				D3F0869D29AD2FDB00B473D9 /* Main.storyboard */,
				D3F086CE29AD382700B473D9 /* MyCollectionViewCell.swift */,
				D3F086CC29AD364900B473D9 /* playGame.swift */,
				D3F086CA29AD32E100B473D9 /* gamelevel.swift */,
				D3F086A329AD2FDC00B473D9 /* Assets.xcassets */,
				D3F086A529AD2FDC00B473D9 /* LaunchScreen.storyboard */,
				D3F086A829AD2FDC00B473D9 /* Info.plist */,
				D3F086A029AD2FDB00B473D9 /* colorgame.xcdatamodeld */,
			);
			path = colorgame;
			sourceTree = "<group>";
		};
		D3F086B029AD2FDD00B473D9 /* colorgameTests */ = {
			isa = PBXGroup;
			children = (
				D3F086B129AD2FDD00B473D9 /* colorgameTests.swift */,
			);
			path = colorgameTests;
			sourceTree = "<group>";
		};
		D3F086BA29AD2FDD00B473D9 /* colorgameUITests */ = {
			isa = PBXGroup;
			children = (
				D3F086BB29AD2FDD00B473D9 /* colorgameUITests.swift */,
				D3F086BD29AD2FDD00B473D9 /* colorgameUITestsLaunchTests.swift */,
			);
			path = colorgameUITests;
			sourceTree = "<group>";
		};
/* End PBXGroup section */

/* Begin PBXNativeTarget section */
		D3F0869329AD2FDB00B473D9 /* colorgame */ = {
			isa = PBXNativeTarget;
			buildConfigurationList = D3F086C129AD2FDD00B473D9 /* Build configuration list for PBXNativeTarget "colorgame" */;
			buildPhases = (
				D3F0869029AD2FDB00B473D9 /* Sources */,
				D3F0869129AD2FDB00B473D9 /* Frameworks */,
				D3F0869229AD2FDB00B473D9 /* Resources */,
			);
			buildRules = (
			);
			dependencies = (
			);
			name = colorgame;
			productName = colorgame;
			productReference = D3F0869429AD2FDB00B473D9 /* colorgame.app */;
			productType = "com.apple.product-type.application";
		};
		D3F086AC29AD2FDD00B473D9 /* colorgameTests */ = {
			isa = PBXNativeTarget;
			buildConfigurationList = D3F086C429AD2FDD00B473D9 /* Build configuration list for PBXNativeTarget "colorgameTests" */;
			buildPhases = (
				D3F086A929AD2FDD00B473D9 /* Sources */,
				D3F086AA29AD2FDD00B473D9 /* Frameworks */,
				D3F086AB29AD2FDD00B473D9 /* Resources */,
			);
			buildRules = (
			);
			dependencies = (
				D3F086AF29AD2FDD00B473D9 /* PBXTargetDependency */,
			);
			name = colorgameTests;
			productName = colorgameTests;
			productReference = D3F086AD29AD2FDD00B473D9 /* colorgameTests.xctest */;
			productType = "com.apple.product-type.bundle.unit-test";
		};
		D3F086B629AD2FDD00B473D9 /* colorgameUITests */ = {
			isa = PBXNativeTarget;
			buildConfigurationList = D3F086C729AD2FDD00B473D9 /* Build configuration list for PBXNativeTarget "colorgameUITests" */;
			buildPhases = (
				D3F086B329AD2FDD00B473D9 /* Sources */,
				D3F086B429AD2FDD00B473D9 /* Frameworks */,
				D3F086B529AD2FDD00B473D9 /* Resources */,
			);
			buildRules = (
			);
			dependencies = (
				D3F086B929AD2FDD00B473D9 /* PBXTargetDependency */,
			);
			name = colorgameUITests;
			productName = colorgameUITests;
			productReference = D3F086B729AD2FDD00B473D9 /* colorgameUITests.xctest */;
			productType = "com.apple.product-type.bundle.ui-testing";
		};
/* End PBXNativeTarget section */

/* Begin PBXProject section */
		D3F0868C29AD2FDB00B473D9 /* Project object */ = {
			isa = PBXProject;
			attributes = {
				BuildIndependentTargetsInParallel = 1;
				LastSwiftUpdateCheck = 1300;
				LastUpgradeCheck = 1300;
				TargetAttributes = {
					D3F0869329AD2FDB00B473D9 = {
						CreatedOnToolsVersion = 13.0;
					};
					D3F086AC29AD2FDD00B473D9 = {
						CreatedOnToolsVersion = 13.0;
						TestTargetID = D3F0869329AD2FDB00B473D9;
					};
					D3F086B629AD2FDD00B473D9 = {
						CreatedOnToolsVersion = 13.0;
						TestTargetID = D3F0869329AD2FDB00B473D9;
					};
				};
			};
			buildConfigurationList = D3F0868F29AD2FDB00B473D9 /* Build configuration list for PBXProject "colorgame" */;
			compatibilityVersion = "Xcode 13.0";
			developmentRegion = en;
			hasScannedForEncodings = 0;
			knownRegions = (
				en,
				Base,
			);
			mainGroup = D3F0868B29AD2FDB00B473D9;
			productRefGroup = D3F0869529AD2FDB00B473D9 /* Products */;
			projectDirPath = "";
			projectRoot = "";
			targets = (
				D3F0869329AD2FDB00B473D9 /* colorgame */,
				D3F086AC29AD2FDD00B473D9 /* colorgameTests */,
				D3F086B629AD2FDD00B473D9 /* colorgameUITests */,
			);
		};
/* End PBXProject section */

/* Begin PBXResourcesBuildPhase section */
		D3F0869229AD2FDB00B473D9 /* Resources */ = {
			isa = PBXResourcesBuildPhase;
			buildActionMask = 2147483647;
			files = (
				D3F086A729AD2FDC00B473D9 /* LaunchScreen.storyboard in Resources */,
				D3F086A429AD2FDC00B473D9 /* Assets.xcassets in Resources */,
				D3F0869F29AD2FDB00B473D9 /* Main.storyboard in Resources */,
			);
			runOnlyForDeploymentPostprocessing = 0;
		};
		D3F086AB29AD2FDD00B473D9 /* Resources */ = {
			isa = PBXResourcesBuildPhase;
			buildActionMask = 2147483647;
			files = (
			);
			runOnlyForDeploymentPostprocessing = 0;
		};
		D3F086B529AD2FDD00B473D9 /* Resources */ = {
			isa = PBXResourcesBuildPhase;
			buildActionMask = 2147483647;
			files = (
			);
			runOnlyForDeploymentPostprocessing = 0;
		};
/* End PBXResourcesBuildPhase section */

/* Begin PBXSourcesBuildPhase section */
		D3F0869029AD2FDB00B473D9 /* Sources */ = {
			isa = PBXSourcesBuildPhase;
			buildActionMask = 2147483647;
			files = (
				D3F086CB29AD32E100B473D9 /* gamelevel.swift in Sources */,
				D3F086CF29AD382700B473D9 /* MyCollectionViewCell.swift in Sources */,
				D3F0869C29AD2FDB00B473D9 /* ViewController.swift in Sources */,
				D3F0869829AD2FDB00B473D9 /* AppDelegate.swift in Sources */,
				D3F086CD29AD364900B473D9 /* playGame.swift in Sources */,
				D3F0869A29AD2FDB00B473D9 /* SceneDelegate.swift in Sources */,
				D3F086A229AD2FDB00B473D9 /* colorgame.xcdatamodeld in Sources */,
			);
			runOnlyForDeploymentPostprocessing = 0;
		};
		D3F086A929AD2FDD00B473D9 /* Sources */ = {
			isa = PBXSourcesBuildPhase;
			buildActionMask = 2147483647;
			files = (
				D3F086B229AD2FDD00B473D9 /* colorgameTests.swift in Sources */,
			);
			runOnlyForDeploymentPostprocessing = 0;
		};
		D3F086B329AD2FDD00B473D9 /* Sources */ = {
			isa = PBXSourcesBuildPhase;
			buildActionMask = 2147483647;
			files = (
				D3F086BE29AD2FDD00B473D9 /* colorgameUITestsLaunchTests.swift in Sources */,
				D3F086BC29AD2FDD00B473D9 /* colorgameUITests.swift in Sources */,
			);
			runOnlyForDeploymentPostprocessing = 0;
		};
/* End PBXSourcesBuildPhase section */

/* Begin PBXTargetDependency section */
		D3F086AF29AD2FDD00B473D9 /* PBXTargetDependency */ = {
			isa = PBXTargetDependency;
			target = D3F0869329AD2FDB00B473D9 /* colorgame */;
			targetProxy = D3F086AE29AD2FDD00B473D9 /* PBXContainerItemProxy */;
		};
		D3F086B929AD2FDD00B473D9 /* PBXTargetDependency */ = {
			isa = PBXTargetDependency;
			target = D3F0869329AD2FDB00B473D9 /* colorgame */;
			targetProxy = D3F086B829AD2FDD00B473D9 /* PBXContainerItemProxy */;
		};
/* End PBXTargetDependency section */

/* Begin PBXVariantGroup section */
		D3F0869D29AD2FDB00B473D9 /* Main.storyboard */ = {
			isa = PBXVariantGroup;
			children = (
				D3F0869E29AD2FDB00B473D9 /* Base */,
			);
			name = Main.storyboard;
			sourceTree = "<group>";
		};
		D3F086A529AD2FDC00B473D9 /* LaunchScreen.storyboard */ = {
			isa = PBXVariantGroup;
			children = (
				D3F086A629AD2FDC00B473D9 /* Base */,
			);
			name = LaunchScreen.storyboard;
			sourceTree = "<group>";
		};
/* End PBXVariantGroup section */

/* Begin XCBuildConfiguration section */
		D3F086BF29AD2FDD00B473D9 /* Debug */ = {
			isa = XCBuildConfiguration;
			buildSettings = {
				ALWAYS_SEARCH_USER_PATHS = NO;
				CLANG_ANALYZER_NONNULL = YES;
				CLANG_ANALYZER_NUMBER_OBJECT_CONVERSION = YES_AGGRESSIVE;
				CLANG_CXX_LANGUAGE_STANDARD = "gnu++17";
				CLANG_CXX_LIBRARY = "libc++";
				CLANG_ENABLE_MODULES = YES;
				CLANG_ENABLE_OBJC_ARC = YES;
				CLANG_ENABLE_OBJC_WEAK = YES;
				CLANG_WARN_BLOCK_CAPTURE_AUTORELEASING = YES;
				CLANG_WARN_BOOL_CONVERSION = YES;
				CLANG_WARN_COMMA = YES;
				CLANG_WARN_CONSTANT_CONVERSION = YES;
				CLANG_WARN_DEPRECATED_OBJC_IMPLEMENTATIONS = YES;
				CLANG_WARN_DIRECT_OBJC_ISA_USAGE = YES_ERROR;
				CLANG_WARN_DOCUMENTATION_COMMENTS = YES;
				CLANG_WARN_EMPTY_BODY = YES;
				CLANG_WARN_ENUM_CONVERSION = YES;
				CLANG_WARN_INFINITE_RECURSION = YES;
				CLANG_WARN_INT_CONVERSION = YES;
				CLANG_WARN_NON_LITERAL_NULL_CONVERSION = YES;
				CLANG_WARN_OBJC_IMPLICIT_RETAIN_SELF = YES;
				CLANG_WARN_OBJC_LITERAL_CONVERSION = YES;
				CLANG_WARN_OBJC_ROOT_CLASS = YES_ERROR;
				CLANG_WARN_QUOTED_INCLUDE_IN_FRAMEWORK_HEADER = YES;
				CLANG_WARN_RANGE_LOOP_ANALYSIS = YES;
				CLANG_WARN_STRICT_PROTOTYPES = YES;
				CLANG_WARN_SUSPICIOUS_MOVE = YES;
				CLANG_WARN_UNGUARDED_AVAILABILITY = YES_AGGRESSIVE;
				CLANG_WARN_UNREACHABLE_CODE = YES;
				CLANG_WARN__DUPLICATE_METHOD_MATCH = YES;
				COPY_PHASE_STRIP = NO;
				DEBUG_INFORMATION_FORMAT = dwarf;
				ENABLE_STRICT_OBJC_MSGSEND = YES;
				ENABLE_TESTABILITY = YES;
				GCC_C_LANGUAGE_STANDARD = gnu11;
				GCC_DYNAMIC_NO_PIC = NO;
				GCC_NO_COMMON_BLOCKS = YES;
				GCC_OPTIMIZATION_LEVEL = 0;
				GCC_PREPROCESSOR_DEFINITIONS = (
					"DEBUG=1",
					"$(inherited)",
				);
				GCC_WARN_64_TO_32_BIT_CONVERSION = YES;
				GCC_WARN_ABOUT_RETURN_TYPE = YES_ERROR;
				GCC_WARN_UNDECLARED_SELECTOR = YES;
				GCC_WARN_UNINITIALIZED_AUTOS = YES_AGGRESSIVE;
				GCC_WARN_UNUSED_FUNCTION = YES;
				GCC_WARN_UNUSED_VARIABLE = YES;
				IPHONEOS_DEPLOYMENT_TARGET = 15.0;
				MTL_ENABLE_DEBUG_INFO = INCLUDE_SOURCE;
				MTL_FAST_MATH = YES;
				ONLY_ACTIVE_ARCH = YES;
				SDKROOT = iphoneos;
				SWIFT_ACTIVE_COMPILATION_CONDITIONS = DEBUG;
				SWIFT_OPTIMIZATION_LEVEL = "-Onone";
			};
			name = Debug;
		};
		D3F086C029AD2FDD00B473D9 /* Release */ = {
			isa = XCBuildConfiguration;
			buildSettings = {
				ALWAYS_SEARCH_USER_PATHS = NO;
				CLANG_ANALYZER_NONNULL = YES;
				CLANG_ANALYZER_NUMBER_OBJECT_CONVERSION = YES_AGGRESSIVE;
				CLANG_CXX_LANGUAGE_STANDARD = "gnu++17";
				CLANG_CXX_LIBRARY = "libc++";
				CLANG_ENABLE_MODULES = YES;
				CLANG_ENABLE_OBJC_ARC = YES;
				CLANG_ENABLE_OBJC_WEAK = YES;
				CLANG_WARN_BLOCK_CAPTURE_AUTORELEASING = YES;
				CLANG_WARN_BOOL_CONVERSION = YES;
				CLANG_WARN_COMMA = YES;
				CLANG_WARN_CONSTANT_CONVERSION = YES;
				CLANG_WARN_DEPRECATED_OBJC_IMPLEMENTATIONS = YES;
				CLANG_WARN_DIRECT_OBJC_ISA_USAGE = YES_ERROR;
				CLANG_WARN_DOCUMENTATION_COMMENTS = YES;
				CLANG_WARN_EMPTY_BODY = YES;
				CLANG_WARN_ENUM_CONVERSION = YES;
				CLANG_WARN_INFINITE_RECURSION = YES;
				CLANG_WARN_INT_CONVERSION = YES;
				CLANG_WARN_NON_LITERAL_NULL_CONVERSION = YES;
				CLANG_WARN_OBJC_IMPLICIT_RETAIN_SELF = YES;
				CLANG_WARN_OBJC_LITERAL_CONVERSION = YES;
				CLANG_WARN_OBJC_ROOT_CLASS = YES_ERROR;
				CLANG_WARN_QUOTED_INCLUDE_IN_FRAMEWORK_HEADER = YES;
				CLANG_WARN_RANGE_LOOP_ANALYSIS = YES;
				CLANG_WARN_STRICT_PROTOTYPES = YES;
				CLANG_WARN_SUSPICIOUS_MOVE = YES;
				CLANG_WARN_UNGUARDED_AVAILABILITY = YES_AGGRESSIVE;
				CLANG_WARN_UNREACHABLE_CODE = YES;
				CLANG_WARN__DUPLICATE_METHOD_MATCH = YES;
				COPY_PHASE_STRIP = NO;
				DEBUG_INFORMATION_FORMAT = "dwarf-with-dsym";
				ENABLE_NS_ASSERTIONS = NO;
				ENABLE_STRICT_OBJC_MSGSEND = YES;
				GCC_C_LANGUAGE_STANDARD = gnu11;
				GCC_NO_COMMON_BLOCKS = YES;
				GCC_WARN_64_TO_32_BIT_CONVERSION = YES;
				GCC_WARN_ABOUT_RETURN_TYPE = YES_ERROR;
				GCC_WARN_UNDECLARED_SELECTOR = YES;
				GCC_WARN_UNINITIALIZED_AUTOS = YES_AGGRESSIVE;
				GCC_WARN_UNUSED_FUNCTION = YES;
				GCC_WARN_UNUSED_VARIABLE = YES;
				IPHONEOS_DEPLOYMENT_TARGET = 15.0;
				MTL_ENABLE_DEBUG_INFO = NO;
				MTL_FAST_MATH = YES;
				SDKROOT = iphoneos;
				SWIFT_COMPILATION_MODE = wholemodule;
				SWIFT_OPTIMIZATION_LEVEL = "-O";
				VALIDATE_PRODUCT = YES;
			};
			name = Release;
		};
		D3F086C229AD2FDD00B473D9 /* Debug */ = {
			isa = XCBuildConfiguration;
			buildSettings = {
				ASSETCATALOG_COMPILER_APPICON_NAME = AppIcon;
				ASSETCATALOG_COMPILER_GLOBAL_ACCENT_COLOR_NAME = AccentColor;
				CODE_SIGN_STYLE = Automatic;
				CURRENT_PROJECT_VERSION = 1;
				GENERATE_INFOPLIST_FILE = YES;
				INFOPLIST_FILE = colorgame/Info.plist;
				INFOPLIST_KEY_UIApplicationSupportsIndirectInputEvents = YES;
				INFOPLIST_KEY_UILaunchStoryboardName = LaunchScreen;
				INFOPLIST_KEY_UIMainStoryboardFile = Main;
				INFOPLIST_KEY_UISupportedInterfaceOrientations_iPad = "UIInterfaceOrientationPortrait UIInterfaceOrientationPortraitUpsideDown UIInterfaceOrientationLandscapeLeft UIInterfaceOrientationLandscapeRight";
				INFOPLIST_KEY_UISupportedInterfaceOrientations_iPhone = "UIInterfaceOrientationPortrait UIInterfaceOrientationLandscapeLeft UIInterfaceOrientationLandscapeRight";
				LD_RUNPATH_SEARCH_PATHS = (
					"$(inherited)",
					"@executable_path/Frameworks",
				);
				MARKETING_VERSION = 1.0;
				PRODUCT_BUNDLE_IDENTIFIER = com.rnw.colorgame;
				PRODUCT_NAME = "$(TARGET_NAME)";
				SWIFT_EMIT_LOC_STRINGS = YES;
				SWIFT_VERSION = 5.0;
				TARGETED_DEVICE_FAMILY = "1,2";
			};
			name = Debug;
		};
		D3F086C329AD2FDD00B473D9 /* Release */ = {
			isa = XCBuildConfiguration;
			buildSettings = {
				ASSETCATALOG_COMPILER_APPICON_NAME = AppIcon;
				ASSETCATALOG_COMPILER_GLOBAL_ACCENT_COLOR_NAME = AccentColor;
				CODE_SIGN_STYLE = Automatic;
				CURRENT_PROJECT_VERSION = 1;
				GENERATE_INFOPLIST_FILE = YES;
				INFOPLIST_FILE = colorgame/Info.plist;
				INFOPLIST_KEY_UIApplicationSupportsIndirectInputEvents = YES;
				INFOPLIST_KEY_UILaunchStoryboardName = LaunchScreen;
				INFOPLIST_KEY_UIMainStoryboardFile = Main;
				INFOPLIST_KEY_UISupportedInterfaceOrientations_iPad = "UIInterfaceOrientationPortrait UIInterfaceOrientationPortraitUpsideDown UIInterfaceOrientationLandscapeLeft UIInterfaceOrientationLandscapeRight";
				INFOPLIST_KEY_UISupportedInterfaceOrientations_iPhone = "UIInterfaceOrientationPortrait UIInterfaceOrientationLandscapeLeft UIInterfaceOrientationLandscapeRight";
				LD_RUNPATH_SEARCH_PATHS = (
					"$(inherited)",
					"@executable_path/Frameworks",
				);
				MARKETING_VERSION = 1.0;
				PRODUCT_BUNDLE_IDENTIFIER = com.rnw.colorgame;
				PRODUCT_NAME = "$(TARGET_NAME)";
				SWIFT_EMIT_LOC_STRINGS = YES;
				SWIFT_VERSION = 5.0;
				TARGETED_DEVICE_FAMILY = "1,2";
			};
			name = Release;
		};
		D3F086C529AD2FDD00B473D9 /* Debug */ = {
			isa = XCBuildConfiguration;
			buildSettings = {
				ALWAYS_EMBED_SWIFT_STANDARD_LIBRARIES = YES;
				BUNDLE_LOADER = "$(TEST_HOST)";
				CODE_SIGN_STYLE = Automatic;
				CURRENT_PROJECT_VERSION = 1;
				GENERATE_INFOPLIST_FILE = YES;
				IPHONEOS_DEPLOYMENT_TARGET = 15.0;
				LD_RUNPATH_SEARCH_PATHS = (
					"$(inherited)",
					"@executable_path/Frameworks",
					"@loader_path/Frameworks",
				);
				MARKETING_VERSION = 1.0;
				PRODUCT_BUNDLE_IDENTIFIER = com.rnw.colorgameTests;
				PRODUCT_NAME = "$(TARGET_NAME)";
				SWIFT_EMIT_LOC_STRINGS = NO;
				SWIFT_VERSION = 5.0;
				TARGETED_DEVICE_FAMILY = "1,2";
				TEST_HOST = "$(BUILT_PRODUCTS_DIR)/colorgame.app/colorgame";
			};
			name = Debug;
		};
		D3F086C629AD2FDD00B473D9 /* Release */ = {
			isa = XCBuildConfiguration;
			buildSettings = {
				ALWAYS_EMBED_SWIFT_STANDARD_LIBRARIES = YES;
				BUNDLE_LOADER = "$(TEST_HOST)";
				CODE_SIGN_STYLE = Automatic;
				CURRENT_PROJECT_VERSION = 1;
				GENERATE_INFOPLIST_FILE = YES;
				IPHONEOS_DEPLOYMENT_TARGET = 15.0;
				LD_RUNPATH_SEARCH_PATHS = (
					"$(inherited)",
					"@executable_path/Frameworks",
					"@loader_path/Frameworks",
				);
				MARKETING_VERSION = 1.0;
				PRODUCT_BUNDLE_IDENTIFIER = com.rnw.colorgameTests;
				PRODUCT_NAME = "$(TARGET_NAME)";
				SWIFT_EMIT_LOC_STRINGS = NO;
				SWIFT_VERSION = 5.0;
				TARGETED_DEVICE_FAMILY = "1,2";
				TEST_HOST = "$(BUILT_PRODUCTS_DIR)/colorgame.app/colorgame";
			};
			name = Release;
		};
		D3F086C829AD2FDD00B473D9 /* Debug */ = {
			isa = XCBuildConfiguration;
			buildSettings = {
				ALWAYS_EMBED_SWIFT_STANDARD_LIBRARIES = YES;
				CODE_SIGN_STYLE = Automatic;
				CURRENT_PROJECT_VERSION = 1;
				GENERATE_INFOPLIST_FILE = YES;
				LD_RUNPATH_SEARCH_PATHS = (
					"$(inherited)",
					"@executable_path/Frameworks",
					"@loader_path/Frameworks",
				);
				MARKETING_VERSION = 1.0;
				PRODUCT_BUNDLE_IDENTIFIER = com.rnw.colorgameUITests;
				PRODUCT_NAME = "$(TARGET_NAME)";
				SWIFT_EMIT_LOC_STRINGS = NO;
				SWIFT_VERSION = 5.0;
				TARGETED_DEVICE_FAMILY = "1,2";
				TEST_TARGET_NAME = colorgame;
			};
			name = Debug;
		};
		D3F086C929AD2FDD00B473D9 /* Release */ = {
			isa = XCBuildConfiguration;
			buildSettings = {
				ALWAYS_EMBED_SWIFT_STANDARD_LIBRARIES = YES;
				CODE_SIGN_STYLE = Automatic;
				CURRENT_PROJECT_VERSION = 1;
				GENERATE_INFOPLIST_FILE = YES;
				LD_RUNPATH_SEARCH_PATHS = (
					"$(inherited)",
					"@executable_path/Frameworks",
					"@loader_path/Frameworks",
				);
				MARKETING_VERSION = 1.0;
				PRODUCT_BUNDLE_IDENTIFIER = com.rnw.colorgameUITests;
				PRODUCT_NAME = "$(TARGET_NAME)";
				SWIFT_EMIT_LOC_STRINGS = NO;
				SWIFT_VERSION = 5.0;
				TARGETED_DEVICE_FAMILY = "1,2";
				TEST_TARGET_NAME = colorgame;
			};
			name = Release;
		};
/* End XCBuildConfiguration section */

/* Begin XCConfigurationList section */
		D3F0868F29AD2FDB00B473D9 /* Build configuration list for PBXProject "colorgame" */ = {
			isa = XCConfigurationList;
			buildConfigurations = (
				D3F086BF29AD2FDD00B473D9 /* Debug */,
				D3F086C029AD2FDD00B473D9 /* Release */,
			);
			defaultConfigurationIsVisible = 0;
			defaultConfigurationName = Release;
		};
		D3F086C129AD2FDD00B473D9 /* Build configuration list for PBXNativeTarget "colorgame" */ = {
			isa = XCConfigurationList;
			buildConfigurations = (
				D3F086C229AD2FDD00B473D9 /* Debug */,
				D3F086C329AD2FDD00B473D9 /* Release */,
			);
			defaultConfigurationIsVisible = 0;
			defaultConfigurationName = Release;
		};
		D3F086C429AD2FDD00B473D9 /* Build configuration list for PBXNativeTarget "colorgameTests" */ = {
			isa = XCConfigurationList;
			buildConfigurations = (
				D3F086C529AD2FDD00B473D9 /* Debug */,
				D3F086C629AD2FDD00B473D9 /* Release */,
			);
			defaultConfigurationIsVisible = 0;
			defaultConfigurationName = Release;
		};
		D3F086C729AD2FDD00B473D9 /* Build configuration list for PBXNativeTarget "colorgameUITests" */ = {
			isa = XCConfigurationList;
			buildConfigurations = (
				D3F086C829AD2FDD00B473D9 /* Debug */,
				D3F086C929AD2FDD00B473D9 /* Release */,
			);
			defaultConfigurationIsVisible = 0;
			defaultConfigurationName = Release;
		};
/* End XCConfigurationList section */

/* Begin XCVersionGroup section */
		D3F086A029AD2FDB00B473D9 /* colorgame.xcdatamodeld */ = {
			isa = XCVersionGroup;
			children = (
				D3F086A129AD2FDB00B473D9 /* colorgame.xcdatamodel */,
			);
			currentVersion = D3F086A129AD2FDB00B473D9 /* colorgame.xcdatamodel */;
			path = colorgame.xcdatamodeld;
			sourceTree = "<group>";
			versionGroupType = wrapper.xcdatamodel;
		};
/* End XCVersionGroup section */
	};
	rootObject = D3F0868C29AD2FDB00B473D9 /* Project object */;
}
